// !$*UTF8*$!
{
	archiveVersion = 1;
	classes = {
	};
	objectVersion = 50;
	objects = {

/* Begin PBXBuildFile section */
		8B19103C21A6A622007FD1C6 /* AppDelegate.m in Sources */ = {isa = PBXBuildFile; fileRef = 8B19103B21A6A622007FD1C6 /* AppDelegate.m */; };
		8B19103F21A6A622007FD1C6 /* ViewController.m in Sources */ = {isa = PBXBuildFile; fileRef = 8B19103E21A6A622007FD1C6 /* ViewController.m */; };
		8B19104221A6A622007FD1C6 /* Main.storyboard in Resources */ = {isa = PBXBuildFile; fileRef = 8B19104021A6A622007FD1C6 /* Main.storyboard */; };
		8B19104521A6A622007FD1C6 /* PhotoKit.xcdatamodeld in Sources */ = {isa = PBXBuildFile; fileRef = 8B19104321A6A622007FD1C6 /* PhotoKit.xcdatamodeld */; };
		8B19104721A6A623007FD1C6 /* Assets.xcassets in Resources */ = {isa = PBXBuildFile; fileRef = 8B19104621A6A623007FD1C6 /* Assets.xcassets */; };
		8B19104A21A6A623007FD1C6 /* LaunchScreen.storyboard in Resources */ = {isa = PBXBuildFile; fileRef = 8B19104821A6A623007FD1C6 /* LaunchScreen.storyboard */; };
		8B19104D21A6A623007FD1C6 /* main.m in Sources */ = {isa = PBXBuildFile; fileRef = 8B19104C21A6A623007FD1C6 /* main.m */; };
		8B19105521A6A783007FD1C6 /* BaseViewController.m in Sources */ = {isa = PBXBuildFile; fileRef = 8B19105421A6A783007FD1C6 /* BaseViewController.m */; };
		8B19105821A6A7E1007FD1C6 /* ImageSelectionCollectionViewController.m in Sources */ = {isa = PBXBuildFile; fileRef = 8B19105721A6A7E1007FD1C6 /* ImageSelectionCollectionViewController.m */; };
		8B19105B21A6A9AC007FD1C6 /* PhotoCollectionCell.m in Sources */ = {isa = PBXBuildFile; fileRef = 8B19105A21A6A9AC007FD1C6 /* PhotoCollectionCell.m */; };
/* End PBXBuildFile section */

/* Begin PBXFileReference section */
		8B19103721A6A622007FD1C6 /* PhotoKit.app */ = {isa = PBXFileReference; explicitFileType = wrapper.application; includeInIndex = 0; path = PhotoKit.app; sourceTree = BUILT_PRODUCTS_DIR; };
		8B19103A21A6A622007FD1C6 /* AppDelegate.h */ = {isa = PBXFileReference; lastKnownFileType = sourcecode.c.h; path = AppDelegate.h; sourceTree = "<group>"; };
		8B19103B21A6A622007FD1C6 /* AppDelegate.m */ = {isa = PBXFileReference; lastKnownFileType = sourcecode.c.objc; path = AppDelegate.m; sourceTree = "<group>"; };
		8B19103D21A6A622007FD1C6 /* ViewController.h */ = {isa = PBXFileReference; lastKnownFileType = sourcecode.c.h; path = ViewController.h; sourceTree = "<group>"; };
		8B19103E21A6A622007FD1C6 /* ViewController.m */ = {isa = PBXFileReference; lastKnownFileType = sourcecode.c.objc; path = ViewController.m; sourceTree = "<group>"; };
		8B19104121A6A622007FD1C6 /* Base */ = {isa = PBXFileReference; lastKnownFileType = file.storyboard; name = Base; path = Base.lproj/Main.storyboard; sourceTree = "<group>"; };
		8B19104421A6A622007FD1C6 /* PhotoKit.xcdatamodel */ = {isa = PBXFileReference; lastKnownFileType = wrapper.xcdatamodel; path = PhotoKit.xcdatamodel; sourceTree = "<group>"; };
		8B19104621A6A623007FD1C6 /* Assets.xcassets */ = {isa = PBXFileReference; lastKnownFileType = folder.assetcatalog; path = Assets.xcassets; sourceTree = "<group>"; };
		8B19104921A6A623007FD1C6 /* Base */ = {isa = PBXFileReference; lastKnownFileType = file.storyboard; name = Base; path = Base.lproj/LaunchScreen.storyboard; sourceTree = "<group>"; };
		8B19104B21A6A623007FD1C6 /* Info.plist */ = {isa = PBXFileReference; lastKnownFileType = text.plist.xml; path = Info.plist; sourceTree = "<group>"; };
		8B19104C21A6A623007FD1C6 /* main.m */ = {isa = PBXFileReference; lastKnownFileType = sourcecode.c.objc; path = main.m; sourceTree = "<group>"; };
		8B19105321A6A783007FD1C6 /* BaseViewController.h */ = {isa = PBXFileReference; lastKnownFileType = sourcecode.c.h; path = BaseViewController.h; sourceTree = "<group>"; };
		8B19105421A6A783007FD1C6 /* BaseViewController.m */ = {isa = PBXFileReference; lastKnownFileType = sourcecode.c.objc; path = BaseViewController.m; sourceTree = "<group>"; };
		8B19105621A6A7E1007FD1C6 /* ImageSelectionCollectionViewController.h */ = {isa = PBXFileReference; lastKnownFileType = sourcecode.c.h; path = ImageSelectionCollectionViewController.h; sourceTree = "<group>"; };
		8B19105721A6A7E1007FD1C6 /* ImageSelectionCollectionViewController.m */ = {isa = PBXFileReference; lastKnownFileType = sourcecode.c.objc; path = ImageSelectionCollectionViewController.m; sourceTree = "<group>"; };
		8B19105921A6A9AC007FD1C6 /* PhotoCollectionCell.h */ = {isa = PBXFileReference; lastKnownFileType = sourcecode.c.h; path = PhotoCollectionCell.h; sourceTree = "<group>"; };
		8B19105A21A6A9AC007FD1C6 /* PhotoCollectionCell.m */ = {isa = PBXFileReference; lastKnownFileType = sourcecode.c.objc; path = PhotoCollectionCell.m; sourceTree = "<group>"; };
/* End PBXFileReference section */

/* Begin PBXFrameworksBuildPhase section */
		8B19103421A6A622007FD1C6 /* Frameworks */ = {
			isa = PBXFrameworksBuildPhase;
			buildActionMask = 2147483647;
			files = (
			);
			runOnlyForDeploymentPostprocessing = 0;
		};
/* End PBXFrameworksBuildPhase section */

/* Begin PBXGroup section */
		8B19102E21A6A622007FD1C6 = {
			isa = PBXGroup;
			children = (
				8B19103921A6A622007FD1C6 /* PhotoKit */,
				8B19103821A6A622007FD1C6 /* Products */,
			);
			sourceTree = "<group>";
		};
		8B19103821A6A622007FD1C6 /* Products */ = {
			isa = PBXGroup;
			children = (
				8B19103721A6A622007FD1C6 /* PhotoKit.app */,
			);
			name = Products;
			sourceTree = "<group>";
		};
		8B19103921A6A622007FD1C6 /* PhotoKit */ = {
			isa = PBXGroup;
			children = (
				8B19103A21A6A622007FD1C6 /* AppDelegate.h */,
				8B19103B21A6A622007FD1C6 /* AppDelegate.m */,
				8B19103D21A6A622007FD1C6 /* ViewController.h */,
				8B19103E21A6A622007FD1C6 /* ViewController.m */,
				8B19104021A6A622007FD1C6 /* Main.storyboard */,
				8B19104621A6A623007FD1C6 /* Assets.xcassets */,
				8B19104821A6A623007FD1C6 /* LaunchScreen.storyboard */,
				8B19104B21A6A623007FD1C6 /* Info.plist */,
				8B19104C21A6A623007FD1C6 /* main.m */,
				8B19104321A6A622007FD1C6 /* PhotoKit.xcdatamodeld */,
				8B19105321A6A783007FD1C6 /* BaseViewController.h */,
				8B19105421A6A783007FD1C6 /* BaseViewController.m */,
				8B19105621A6A7E1007FD1C6 /* ImageSelectionCollectionViewController.h */,
				8B19105721A6A7E1007FD1C6 /* ImageSelectionCollectionViewController.m */,
				8B19105921A6A9AC007FD1C6 /* PhotoCollectionCell.h */,
				8B19105A21A6A9AC007FD1C6 /* PhotoCollectionCell.m */,
			);
			path = PhotoKit;
			sourceTree = "<group>";
		};
/* End PBXGroup section */

/* Begin PBXNativeTarget section */
		8B19103621A6A622007FD1C6 /* PhotoKit */ = {
			isa = PBXNativeTarget;
			buildConfigurationList = 8B19105021A6A623007FD1C6 /* Build configuration list for PBXNativeTarget "PhotoKit" */;
			buildPhases = (
				8B19103321A6A622007FD1C6 /* Sources */,
				8B19103421A6A622007FD1C6 /* Frameworks */,
				8B19103521A6A622007FD1C6 /* Resources */,
			);
			buildRules = (
			);
			dependencies = (
			);
			name = PhotoKit;
			productName = PhotoKit;
			productReference = 8B19103721A6A622007FD1C6 /* PhotoKit.app */;
			productType = "com.apple.product-type.application";
		};
/* End PBXNativeTarget section */

/* Begin PBXProject section */
		8B19102F21A6A622007FD1C6 /* Project object */ = {
			isa = PBXProject;
			attributes = {
				LastUpgradeCheck = 1000;
				ORGANIZATIONNAME = "Varun Rathi";
				TargetAttributes = {
					8B19103621A6A622007FD1C6 = {
						CreatedOnToolsVersion = 10.0;
					};
				};
			};
			buildConfigurationList = 8B19103221A6A622007FD1C6 /* Build configuration list for PBXProject "PhotoKit" */;
			compatibilityVersion = "Xcode 9.3";
			developmentRegion = en;
			hasScannedForEncodings = 0;
			knownRegions = (
				en,
				Base,
			);
			mainGroup = 8B19102E21A6A622007FD1C6;
			productRefGroup = 8B19103821A6A622007FD1C6 /* Products */;
			projectDirPath = "";
			projectRoot = "";
			targets = (
				8B19103621A6A622007FD1C6 /* PhotoKit */,
			);
		};
/* End PBXProject section */

/* Begin PBXResourcesBuildPhase section */
		8B19103521A6A622007FD1C6 /* Resources */ = {
			isa = PBXResourcesBuildPhase;
			buildActionMask = 2147483647;
			files = (
				8B19104A21A6A623007FD1C6 /* LaunchScreen.storyboard in Resources */,
				8B19104721A6A623007FD1C6 /* Assets.xcassets in Resources */,
				8B19104221A6A622007FD1C6 /* Main.storyboard in Resources */,
			);
			runOnlyForDeploymentPostprocessing = 0;
		};
/* End PBXResourcesBuildPhase section */

/* Begin PBXSourcesBuildPhase section */
		8B19103321A6A622007FD1C6 /* Sources */ = {
			isa = PBXSourcesBuildPhase;
			buildActionMask = 2147483647;
			files = (
				8B19104521A6A622007FD1C6 /* PhotoKit.xcdatamodeld in Sources */,
				8B19105521A6A783007FD1C6 /* BaseViewController.m in Sources */,
				8B19103F21A6A622007FD1C6 /* ViewController.m in Sources */,
				8B19104D21A6A623007FD1C6 /* main.m in Sources */,
				8B19103C21A6A622007FD1C6 /* AppDelegate.m in Sources */,
				8B19105821A6A7E1007FD1C6 /* ImageSelectionCollectionViewController.m in Sources */,
				8B19105B21A6A9AC007FD1C6 /* PhotoCollectionCell.m in Sources */,
			);
			runOnlyForDeploymentPostprocessing = 0;
		};
/* End PBXSourcesBuildPhase section */

/* Begin PBXVariantGroup section */
		8B19104021A6A622007FD1C6 /* Main.storyboard */ = {
			isa = PBXVariantGroup;
			children = (
				8B19104121A6A622007FD1C6 /* Base */,
			);
			name = Main.storyboard;
			sourceTree = "<group>";
		};
		8B19104821A6A623007FD1C6 /* LaunchScreen.storyboard */ = {
			isa = PBXVariantGroup;
			children = (
				8B19104921A6A623007FD1C6 /* Base */,
			);
			name = LaunchScreen.storyboard;
			sourceTree = "<group>";
		};
/* End PBXVariantGroup section */

/* Begin XCBuildConfiguration section */
		8B19104E21A6A623007FD1C6 /* Debug */ = {
			isa = XCBuildConfiguration;
			buildSettings = {
				ALWAYS_SEARCH_USER_PATHS = NO;
				CLANG_ANALYZER_NONNULL = YES;
				CLANG_ANALYZER_NUMBER_OBJECT_CONVERSION = YES_AGGRESSIVE;
				CLANG_CXX_LANGUAGE_STANDARD = "gnu++14";
				CLANG_CXX_LIBRARY = "libc++";
				CLANG_ENABLE_MODULES = YES;
				CLANG_ENABLE_OBJC_ARC = YES;
				CLANG_ENABLE_OBJC_WEAK = YES;
				CLANG_WARN_BLOCK_CAPTURE_AUTORELEASING = YES;
				CLANG_WARN_BOOL_CONVERSION = YES;
				CLANG_WARN_COMMA = YES;
				CLANG_WARN_CONSTANT_CONVERSION = YES;
				CLANG_WARN_DEPRECATED_OBJC_IMPLEMENTATIONS = YES;
				CLANG_WARN_DIRECT_OBJC_ISA_USAGE = YES_ERROR;
				CLANG_WARN_DOCUMENTATION_COMMENTS = YES;
				CLANG_WARN_EMPTY_BODY = YES;
				CLANG_WARN_ENUM_CONVERSION = YES;
				CLANG_WARN_INFINITE_RECURSION = YES;
				CLANG_WARN_INT_CONVERSION = YES;
				CLANG_WARN_NON_LITERAL_NULL_CONVERSION = YES;
				CLANG_WARN_OBJC_IMPLICIT_RETAIN_SELF = YES;
				CLANG_WARN_OBJC_LITERAL_CONVERSION = YES;
				CLANG_WARN_OBJC_ROOT_CLASS = YES_ERROR;
				CLANG_WARN_RANGE_LOOP_ANALYSIS = YES;
				CLANG_WARN_STRICT_PROTOTYPES = YES;
				CLANG_WARN_SUSPICIOUS_MOVE = YES;
				CLANG_WARN_UNGUARDED_AVAILABILITY = YES_AGGRESSIVE;
				CLANG_WARN_UNREACHABLE_CODE = YES;
				CLANG_WARN__DUPLICATE_METHOD_MATCH = YES;
				CODE_SIGN_IDENTITY = "iPhone Developer";
				COPY_PHASE_STRIP = NO;
				DEBUG_INFORMATION_FORMAT = dwarf;
				ENABLE_STRICT_OBJC_MSGSEND = YES;
				ENABLE_TESTABILITY = YES;
				GCC_C_LANGUAGE_STANDARD = gnu11;
				GCC_DYNAMIC_NO_PIC = NO;
				GCC_NO_COMMON_BLOCKS = YES;
				GCC_OPTIMIZATION_LEVEL = 0;
				GCC_PREPROCESSOR_DEFINITIONS = (
					"DEBUG=1",
					"$(inherited)",
				);
				GCC_WARN_64_TO_32_BIT_CONVERSION = YES;
				GCC_WARN_ABOUT_RETURN_TYPE = YES_ERROR;
				GCC_WARN_UNDECLARED_SELECTOR = YES;
				GCC_WARN_UNINITIALIZED_AUTOS = YES_AGGRESSIVE;
				GCC_WARN_UNUSED_FUNCTION = YES;
				GCC_WARN_UNUSED_VARIABLE = YES;
				IPHONEOS_DEPLOYMENT_TARGET = 12.0;
				MTL_ENABLE_DEBUG_INFO = INCLUDE_SOURCE;
				MTL_FAST_MATH = YES;
				ONLY_ACTIVE_ARCH = YES;
				SDKROOT = iphoneos;
			};
			name = Debug;
		};
		8B19104F21A6A623007FD1C6 /* Release */ = {
			isa = XCBuildConfiguration;
			buildSettings = {
				ALWAYS_SEARCH_USER_PATHS = NO;
				CLANG_ANALYZER_NONNULL = YES;
				CLANG_ANALYZER_NUMBER_OBJECT_CONVERSION = YES_AGGRESSIVE;
				CLANG_CXX_LANGUAGE_STANDARD = "gnu++14";
				CLANG_CXX_LIBRARY = "libc++";
				CLANG_ENABLE_MODULES = YES;
				CLANG_ENABLE_OBJC_ARC = YES;
				CLANG_ENABLE_OBJC_WEAK = YES;
				CLANG_WARN_BLOCK_CAPTURE_AUTORELEASING = YES;
				CLANG_WARN_BOOL_CONVERSION = YES;
				CLANG_WARN_COMMA = YES;
				CLANG_WARN_CONSTANT_CONVERSION = YES;
				CLANG_WARN_DEPRECATED_OBJC_IMPLEMENTATIONS = YES;
				CLANG_WARN_DIRECT_OBJC_ISA_USAGE = YES_ERROR;
				CLANG_WARN_DOCUMENTATION_COMMENTS = YES;
				CLANG_WARN_EMPTY_BODY = YES;
				CLANG_WARN_ENUM_CONVERSION = YES;
				CLANG_WARN_INFINITE_RECURSION = YES;
				CLANG_WARN_INT_CONVERSION = YES;
				CLANG_WARN_NON_LITERAL_NULL_CONVERSION = YES;
				CLANG_WARN_OBJC_IMPLICIT_RETAIN_SELF = YES;
				CLANG_WARN_OBJC_LITERAL_CONVERSION = YES;
				CLANG_WARN_OBJC_ROOT_CLASS = YES_ERROR;
				CLANG_WARN_RANGE_LOOP_ANALYSIS = YES;
				CLANG_WARN_STRICT_PROTOTYPES = YES;
				CLANG_WARN_SUSPICIOUS_MOVE = YES;
				CLANG_WARN_UNGUARDED_AVAILABILITY = YES_AGGRESSIVE;
				CLANG_WARN_UNREACHABLE_CODE = YES;
				CLANG_WARN__DUPLICATE_METHOD_MATCH = YES;
				CODE_SIGN_IDENTITY = "iPhone Developer";
				COPY_PHASE_STRIP = NO;
				DEBUG_INFORMATION_FORMAT = "dwarf-with-dsym";
				ENABLE_NS_ASSERTIONS = NO;
				ENABLE_STRICT_OBJC_MSGSEND = YES;
				GCC_C_LANGUAGE_STANDARD = gnu11;
				GCC_NO_COMMON_BLOCKS = YES;
				GCC_WARN_64_TO_32_BIT_CONVERSION = YES;
				GCC_WARN_ABOUT_RETURN_TYPE = YES_ERROR;
				GCC_WARN_UNDECLARED_SELECTOR = YES;
				GCC_WARN_UNINITIALIZED_AUTOS = YES_AGGRESSIVE;
				GCC_WARN_UNUSED_FUNCTION = YES;
				GCC_WARN_UNUSED_VARIABLE = YES;
				IPHONEOS_DEPLOYMENT_TARGET = 12.0;
				MTL_ENABLE_DEBUG_INFO = NO;
				MTL_FAST_MATH = YES;
				SDKROOT = iphoneos;
				VALIDATE_PRODUCT = YES;
			};
			name = Release;
		};
		8B19105121A6A623007FD1C6 /* Debug */ = {
			isa = XCBuildConfiguration;
			buildSettings = {
				ASSETCATALOG_COMPILER_APPICON_NAME = AppIcon;
				CODE_SIGN_STYLE = Manual;
				DEVELOPMENT_TEAM = "";
				INFOPLIST_FILE = PhotoKit/Info.plist;
				LD_RUNPATH_SEARCH_PATHS = (
					"$(inherited)",
					"@executable_path/Frameworks",
				);
				PRODUCT_BUNDLE_IDENTIFIER = com.vrat28.PhotoKit;
				PRODUCT_NAME = "$(TARGET_NAME)";
				PROVISIONING_PROFILE_SPECIFIER = "";
				TARGETED_DEVICE_FAMILY = "1,2";
			};
			name = Debug;
		};
		8B19105221A6A623007FD1C6 /* Release */ = {
			isa = XCBuildConfiguration;
			buildSettings = {
				ASSETCATALOG_COMPILER_APPICON_NAME = AppIcon;
				CODE_SIGN_STYLE = Manual;
				DEVELOPMENT_TEAM = "";
				INFOPLIST_FILE = PhotoKit/Info.plist;
				LD_RUNPATH_SEARCH_PATHS = (
					"$(inherited)",
					"@executable_path/Frameworks",
				);
				PRODUCT_BUNDLE_IDENTIFIER = com.vrat28.PhotoKit;
				PRODUCT_NAME = "$(TARGET_NAME)";
				PROVISIONING_PROFILE_SPECIFIER = "";
				TARGETED_DEVICE_FAMILY = "1,2";
			};
			name = Release;
		};
/* End XCBuildConfiguration section */

/* Begin XCConfigurationList section */
		8B19103221A6A622007FD1C6 /* Build configuration list for PBXProject "PhotoKit" */ = {
			isa = XCConfigurationList;
			buildConfigurations = (
				8B19104E21A6A623007FD1C6 /* Debug */,
				8B19104F21A6A623007FD1C6 /* Release */,
			);
			defaultConfigurationIsVisible = 0;
			defaultConfigurationName = Release;
		};
		8B19105021A6A623007FD1C6 /* Build configuration list for PBXNativeTarget "PhotoKit" */ = {
			isa = XCConfigurationList;
			buildConfigurations = (
				8B19105121A6A623007FD1C6 /* Debug */,
				8B19105221A6A623007FD1C6 /* Release */,
			);
			defaultConfigurationIsVisible = 0;
			defaultConfigurationName = Release;
		};
/* End XCConfigurationList section */

/* Begin XCVersionGroup section */
		8B19104321A6A622007FD1C6 /* PhotoKit.xcdatamodeld */ = {
			isa = XCVersionGroup;
			children = (
				8B19104421A6A622007FD1C6 /* PhotoKit.xcdatamodel */,
			);
			currentVersion = 8B19104421A6A622007FD1C6 /* PhotoKit.xcdatamodel */;
			path = PhotoKit.xcdatamodeld;
			sourceTree = "<group>";
			versionGroupType = wrapper.xcdatamodel;
		};
/* End XCVersionGroup section */
	};
	rootObject = 8B19102F21A6A622007FD1C6 /* Project object */;
}
